
Microsoft Visual Studio Solution File, Format Version 12.00
Project("{FAE04EC0-301F-11D3-BF4B-00C04F79EFBC}") = "SportTracker", "SportTracker\SportTracker.csproj", "{975A01AA-30F1-4F25-A1A1-773C3F49DDC7}"
EndProject
Global
	GlobalSection(SolutionConfigurationPlatforms) = preSolution
		Debug|Any CPU = Debug|Any CPU
		Release|Any CPU = Release|Any CPU
	EndGlobalSection
	GlobalSection(ProjectConfigurationPlatforms) = postSolution
		{975A01AA-30F1-4F25-A1A1-773C3F49DDC7}.Debug|Any CPU.ActiveCfg = Debug|Any CPU
		{975A01AA-30F1-4F25-A1A1-773C3F49DDC7}.Debug|Any CPU.Build.0 = Debug|Any CPU
		{975A01AA-30F1-4F25-A1A1-773C3F49DDC7}.Release|Any CPU.ActiveCfg = Release|Any CPU
		{975A01AA-30F1-4F25-A1A1-773C3F49DDC7}.Release|Any CPU.Build.0 = Release|Any CPU
	EndGlobalSection
EndGlobal
